
Microsoft Visual Studio Solution File, Format Version 12.00
# Visual Studio 15
VisualStudioVersion = 15.0.26730.10
MinimumVisualStudioVersion = 10.0.40219.1

Project("{6EC3EE1D-3C4E-46DD-8F32-0CC8E7565705}") = "FabulousHelloWorld", "FabulousHelloWorld\FabulousHelloWorld.fsproj", "{6BEC29F0-F33F-47E7-9FED-8C514B430800}"
EndProject

Project("{F2A71F9B-5D33-465A-A702-920D77279786}") = "FabulousHelloWorld.Android", "FabulousHelloWorld.Android\FabulousHelloWorld.Android.fsproj", "{8965B75A-5148-4BAE-A45F-F2A05C0A7084}"
EndProject


Project("{F2A71F9B-5D33-465A-A702-920D77279786}") = "FabulousHelloWorld.iOS", "FabulousHelloWorld.iOS\FabulousHelloWorld.iOS.fsproj", "{BA96A948-618E-464F-AEDB-0A82C63B8E93}"
EndProject




Global
	GlobalSection(SolutionConfigurationPlatforms) = preSolution
		Ad-Hoc|Any CPU = Ad-Hoc|Any CPU
		Ad-Hoc|ARM = Ad-Hoc|ARM
		Ad-Hoc|iPhone = Ad-Hoc|iPhone
		Ad-Hoc|iPhoneSimulator = Ad-Hoc|iPhoneSimulator
		Ad-Hoc|x64 = Ad-Hoc|x64
		Ad-Hoc|x86 = Ad-Hoc|x86
		AppStore|Any CPU = AppStore|Any CPU
		AppStore|ARM = AppStore|ARM
		AppStore|iPhone = AppStore|iPhone
		AppStore|iPhoneSimulator = AppStore|iPhoneSimulator
		AppStore|x64 = AppStore|x64
		AppStore|x86 = AppStore|x86
		Debug|Any CPU = Debug|Any CPU
		Debug|ARM = Debug|ARM
		Debug|iPhone = Debug|iPhone
		Debug|iPhoneSimulator = Debug|iPhoneSimulator
		Debug|x64 = Debug|x64
		Debug|x86 = Debug|x86
		Release|Any CPU = Release|Any CPU
		Release|ARM = Release|ARM
		Release|iPhone = Release|iPhone
		Release|iPhoneSimulator = Release|iPhoneSimulator
		Release|x64 = Release|x64
		Release|x86 = Release|x86
	EndGlobalSection
	GlobalSection(ProjectConfigurationPlatforms) = postSolution
		{6BEC29F0-F33F-47E7-9FED-8C514B430800}.Ad-Hoc|Any CPU.ActiveCfg = Debug|Any CPU
		{6BEC29F0-F33F-47E7-9FED-8C514B430800}.Ad-Hoc|Any CPU.Build.0 = Debug|Any CPU
		{6BEC29F0-F33F-47E7-9FED-8C514B430800}.Ad-Hoc|ARM.ActiveCfg = Debug|Any CPU
		{6BEC29F0-F33F-47E7-9FED-8C514B430800}.Ad-Hoc|ARM.Build.0 = Debug|Any CPU
		{6BEC29F0-F33F-47E7-9FED-8C514B430800}.Ad-Hoc|iPhone.ActiveCfg = Debug|Any CPU
		{6BEC29F0-F33F-47E7-9FED-8C514B430800}.Ad-Hoc|iPhone.Build.0 = Debug|Any CPU
		{6BEC29F0-F33F-47E7-9FED-8C514B430800}.Ad-Hoc|iPhoneSimulator.ActiveCfg = Debug|Any CPU
		{6BEC29F0-F33F-47E7-9FED-8C514B430800}.Ad-Hoc|iPhoneSimulator.Build.0 = Debug|Any CPU
		{6BEC29F0-F33F-47E7-9FED-8C514B430800}.Ad-Hoc|x64.ActiveCfg = Debug|Any CPU
		{6BEC29F0-F33F-47E7-9FED-8C514B430800}.Ad-Hoc|x64.Build.0 = Debug|Any CPU
		{6BEC29F0-F33F-47E7-9FED-8C514B430800}.Ad-Hoc|x86.ActiveCfg = Debug|Any CPU
		{6BEC29F0-F33F-47E7-9FED-8C514B430800}.Ad-Hoc|x86.Build.0 = Debug|Any CPU
		{6BEC29F0-F33F-47E7-9FED-8C514B430800}.AppStore|Any CPU.ActiveCfg = Debug|Any CPU
		{6BEC29F0-F33F-47E7-9FED-8C514B430800}.AppStore|Any CPU.Build.0 = Debug|Any CPU
		{6BEC29F0-F33F-47E7-9FED-8C514B430800}.AppStore|ARM.ActiveCfg = Debug|Any CPU
		{6BEC29F0-F33F-47E7-9FED-8C514B430800}.AppStore|ARM.Build.0 = Debug|Any CPU
		{6BEC29F0-F33F-47E7-9FED-8C514B430800}.AppStore|iPhone.ActiveCfg = Debug|Any CPU
		{6BEC29F0-F33F-47E7-9FED-8C514B430800}.AppStore|iPhone.Build.0 = Debug|Any CPU
		{6BEC29F0-F33F-47E7-9FED-8C514B430800}.AppStore|iPhoneSimulator.ActiveCfg = Debug|Any CPU
		{6BEC29F0-F33F-47E7-9FED-8C514B430800}.AppStore|iPhoneSimulator.Build.0 = Debug|Any CPU
		{6BEC29F0-F33F-47E7-9FED-8C514B430800}.AppStore|x64.ActiveCfg = Debug|Any CPU
		{6BEC29F0-F33F-47E7-9FED-8C514B430800}.AppStore|x64.Build.0 = Debug|Any CPU
		{6BEC29F0-F33F-47E7-9FED-8C514B430800}.AppStore|x86.ActiveCfg = Debug|Any CPU
		{6BEC29F0-F33F-47E7-9FED-8C514B430800}.AppStore|x86.Build.0 = Debug|Any CPU
		{6BEC29F0-F33F-47E7-9FED-8C514B430800}.Debug|Any CPU.ActiveCfg = Debug|Any CPU
		{6BEC29F0-F33F-47E7-9FED-8C514B430800}.Debug|Any CPU.Build.0 = Debug|Any CPU
		{6BEC29F0-F33F-47E7-9FED-8C514B430800}.Debug|ARM.ActiveCfg = Debug|Any CPU
		{6BEC29F0-F33F-47E7-9FED-8C514B430800}.Debug|ARM.Build.0 = Debug|Any CPU
		{6BEC29F0-F33F-47E7-9FED-8C514B430800}.Debug|iPhone.ActiveCfg = Debug|Any CPU
		{6BEC29F0-F33F-47E7-9FED-8C514B430800}.Debug|iPhone.Build.0 = Debug|Any CPU
		{6BEC29F0-F33F-47E7-9FED-8C514B430800}.Debug|iPhoneSimulator.ActiveCfg = Debug|Any CPU
		{6BEC29F0-F33F-47E7-9FED-8C514B430800}.Debug|iPhoneSimulator.Build.0 = Debug|Any CPU
		{6BEC29F0-F33F-47E7-9FED-8C514B430800}.Debug|x64.ActiveCfg = Debug|Any CPU
		{6BEC29F0-F33F-47E7-9FED-8C514B430800}.Debug|x64.Build.0 = Debug|Any CPU
		{6BEC29F0-F33F-47E7-9FED-8C514B430800}.Debug|x86.ActiveCfg = Debug|Any CPU
		{6BEC29F0-F33F-47E7-9FED-8C514B430800}.Debug|x86.Build.0 = Debug|Any CPU
		{6BEC29F0-F33F-47E7-9FED-8C514B430800}.Release|Any CPU.ActiveCfg = Release|Any CPU
		{6BEC29F0-F33F-47E7-9FED-8C514B430800}.Release|Any CPU.Build.0 = Release|Any CPU
		{6BEC29F0-F33F-47E7-9FED-8C514B430800}.Release|ARM.ActiveCfg = Release|Any CPU
		{6BEC29F0-F33F-47E7-9FED-8C514B430800}.Release|ARM.Build.0 = Release|Any CPU
		{6BEC29F0-F33F-47E7-9FED-8C514B430800}.Release|iPhone.ActiveCfg = Release|Any CPU
		{6BEC29F0-F33F-47E7-9FED-8C514B430800}.Release|iPhone.Build.0 = Release|Any CPU
		{6BEC29F0-F33F-47E7-9FED-8C514B430800}.Release|iPhoneSimulator.ActiveCfg = Release|Any CPU
		{6BEC29F0-F33F-47E7-9FED-8C514B430800}.Release|iPhoneSimulator.Build.0 = Release|Any CPU
		{6BEC29F0-F33F-47E7-9FED-8C514B430800}.Release|x64.ActiveCfg = Release|Any CPU
		{6BEC29F0-F33F-47E7-9FED-8C514B430800}.Release|x64.Build.0 = Release|Any CPU
		{6BEC29F0-F33F-47E7-9FED-8C514B430800}.Release|x86.ActiveCfg = Release|Any CPU
		{6BEC29F0-F33F-47E7-9FED-8C514B430800}.Release|x86.Build.0 = Release|Any CPU
		{BA96A948-618E-464F-AEDB-0A82C63B8E93}.Ad-Hoc|Any CPU.ActiveCfg = Ad-Hoc|iPhone
		{BA96A948-618E-464F-AEDB-0A82C63B8E93}.Ad-Hoc|ARM.ActiveCfg = Ad-Hoc|iPhone
		{BA96A948-618E-464F-AEDB-0A82C63B8E93}.Ad-Hoc|iPhone.ActiveCfg = Ad-Hoc|iPhone
		{BA96A948-618E-464F-AEDB-0A82C63B8E93}.Ad-Hoc|iPhone.Build.0 = Ad-Hoc|iPhone
		{BA96A948-618E-464F-AEDB-0A82C63B8E93}.Ad-Hoc|iPhoneSimulator.ActiveCfg = Ad-Hoc|iPhoneSimulator
		{BA96A948-618E-464F-AEDB-0A82C63B8E93}.Ad-Hoc|iPhoneSimulator.Build.0 = Ad-Hoc|iPhoneSimulator
		{BA96A948-618E-464F-AEDB-0A82C63B8E93}.Ad-Hoc|x64.ActiveCfg = Ad-Hoc|iPhone
		{BA96A948-618E-464F-AEDB-0A82C63B8E93}.Ad-Hoc|x86.ActiveCfg = Ad-Hoc|iPhone
		{BA96A948-618E-464F-AEDB-0A82C63B8E93}.AppStore|Any CPU.ActiveCfg = AppStore|iPhone
		{BA96A948-618E-464F-AEDB-0A82C63B8E93}.AppStore|ARM.ActiveCfg = AppStore|iPhone
		{BA96A948-618E-464F-AEDB-0A82C63B8E93}.AppStore|iPhone.ActiveCfg = AppStore|iPhone
		{BA96A948-618E-464F-AEDB-0A82C63B8E93}.AppStore|iPhone.Build.0 = AppStore|iPhone
		{BA96A948-618E-464F-AEDB-0A82C63B8E93}.AppStore|iPhoneSimulator.ActiveCfg = AppStore|iPhoneSimulator
		{BA96A948-618E-464F-AEDB-0A82C63B8E93}.AppStore|iPhoneSimulator.Build.0 = AppStore|iPhoneSimulator
		{BA96A948-618E-464F-AEDB-0A82C63B8E93}.AppStore|x64.ActiveCfg = AppStore|iPhone
		{BA96A948-618E-464F-AEDB-0A82C63B8E93}.AppStore|x86.ActiveCfg = AppStore|iPhone
		{BA96A948-618E-464F-AEDB-0A82C63B8E93}.Debug|Any CPU.ActiveCfg = Debug|iPhone
		{BA96A948-618E-464F-AEDB-0A82C63B8E93}.Debug|ARM.ActiveCfg = Debug|iPhone
		{BA96A948-618E-464F-AEDB-0A82C63B8E93}.Debug|iPhone.ActiveCfg = Debug|iPhone
		{BA96A948-618E-464F-AEDB-0A82C63B8E93}.Debug|iPhone.Build.0 = Debug|iPhone
		{BA96A948-618E-464F-AEDB-0A82C63B8E93}.Debug|iPhoneSimulator.ActiveCfg = Debug|iPhoneSimulator
		{BA96A948-618E-464F-AEDB-0A82C63B8E93}.Debug|iPhoneSimulator.Build.0 = Debug|iPhoneSimulator
		{BA96A948-618E-464F-AEDB-0A82C63B8E93}.Debug|x64.ActiveCfg = Debug|iPhone
		{BA96A948-618E-464F-AEDB-0A82C63B8E93}.Debug|x86.ActiveCfg = Debug|iPhone
		{BA96A948-618E-464F-AEDB-0A82C63B8E93}.Release|Any CPU.ActiveCfg = Release|iPhone
		{BA96A948-618E-464F-AEDB-0A82C63B8E93}.Release|ARM.ActiveCfg = Release|iPhone
		{BA96A948-618E-464F-AEDB-0A82C63B8E93}.Release|iPhone.ActiveCfg = Release|iPhone
		{BA96A948-618E-464F-AEDB-0A82C63B8E93}.Release|iPhone.Build.0 = Release|iPhone
		{BA96A948-618E-464F-AEDB-0A82C63B8E93}.Release|iPhoneSimulator.ActiveCfg = Release|iPhoneSimulator
		{BA96A948-618E-464F-AEDB-0A82C63B8E93}.Release|iPhoneSimulator.Build.0 = Release|iPhoneSimulator
		{BA96A948-618E-464F-AEDB-0A82C63B8E93}.Release|x64.ActiveCfg = Release|iPhone
		{BA96A948-618E-464F-AEDB-0A82C63B8E93}.Release|x86.ActiveCfg = Release|iPhone
		{80FF0FA9-B19E-4DFD-B42A-79A228E02297}.Ad-Hoc|Any CPU.ActiveCfg = Release|x86
		{80FF0FA9-B19E-4DFD-B42A-79A228E02297}.Ad-Hoc|Any CPU.Build.0 = Release|x86
		{80FF0FA9-B19E-4DFD-B42A-79A228E02297}.Ad-Hoc|Any CPU.Deploy.0 = Release|x86
		{80FF0FA9-B19E-4DFD-B42A-79A228E02297}.Ad-Hoc|ARM.ActiveCfg = Release|ARM
		{80FF0FA9-B19E-4DFD-B42A-79A228E02297}.Ad-Hoc|ARM.Build.0 = Release|ARM
		{80FF0FA9-B19E-4DFD-B42A-79A228E02297}.Ad-Hoc|ARM.Deploy.0 = Release|ARM
		{80FF0FA9-B19E-4DFD-B42A-79A228E02297}.Ad-Hoc|iPhone.ActiveCfg = Release|x86
		{80FF0FA9-B19E-4DFD-B42A-79A228E02297}.Ad-Hoc|iPhone.Build.0 = Release|x86
		{80FF0FA9-B19E-4DFD-B42A-79A228E02297}.Ad-Hoc|iPhone.Deploy.0 = Release|x86
		{80FF0FA9-B19E-4DFD-B42A-79A228E02297}.Ad-Hoc|iPhoneSimulator.ActiveCfg = Release|x86
		{80FF0FA9-B19E-4DFD-B42A-79A228E02297}.Ad-Hoc|iPhoneSimulator.Build.0 = Release|x86
		{80FF0FA9-B19E-4DFD-B42A-79A228E02297}.Ad-Hoc|iPhoneSimulator.Deploy.0 = Release|x86
		{80FF0FA9-B19E-4DFD-B42A-79A228E02297}.Ad-Hoc|x64.ActiveCfg = Release|x64
		{80FF0FA9-B19E-4DFD-B42A-79A228E02297}.Ad-Hoc|x64.Build.0 = Release|x64
		{80FF0FA9-B19E-4DFD-B42A-79A228E02297}.Ad-Hoc|x64.Deploy.0 = Release|x64
		{80FF0FA9-B19E-4DFD-B42A-79A228E02297}.Ad-Hoc|x86.ActiveCfg = Release|x86
		{80FF0FA9-B19E-4DFD-B42A-79A228E02297}.Ad-Hoc|x86.Build.0 = Release|x86
		{80FF0FA9-B19E-4DFD-B42A-79A228E02297}.Ad-Hoc|x86.Deploy.0 = Release|x86
		{80FF0FA9-B19E-4DFD-B42A-79A228E02297}.AppStore|Any CPU.ActiveCfg = Release|x86
		{80FF0FA9-B19E-4DFD-B42A-79A228E02297}.AppStore|Any CPU.Build.0 = Release|x86
		{80FF0FA9-B19E-4DFD-B42A-79A228E02297}.AppStore|Any CPU.Deploy.0 = Release|x86
		{80FF0FA9-B19E-4DFD-B42A-79A228E02297}.AppStore|ARM.ActiveCfg = Release|ARM
		{80FF0FA9-B19E-4DFD-B42A-79A228E02297}.AppStore|ARM.Build.0 = Release|ARM
		{80FF0FA9-B19E-4DFD-B42A-79A228E02297}.AppStore|ARM.Deploy.0 = Release|ARM
		{80FF0FA9-B19E-4DFD-B42A-79A228E02297}.AppStore|iPhone.ActiveCfg = Release|x86
		{80FF0FA9-B19E-4DFD-B42A-79A228E02297}.AppStore|iPhone.Build.0 = Release|x86
		{80FF0FA9-B19E-4DFD-B42A-79A228E02297}.AppStore|iPhone.Deploy.0 = Release|x86
		{80FF0FA9-B19E-4DFD-B42A-79A228E02297}.AppStore|iPhoneSimulator.ActiveCfg = Release|x86
		{80FF0FA9-B19E-4DFD-B42A-79A228E02297}.AppStore|iPhoneSimulator.Build.0 = Release|x86
		{80FF0FA9-B19E-4DFD-B42A-79A228E02297}.AppStore|iPhoneSimulator.Deploy.0 = Release|x86
		{80FF0FA9-B19E-4DFD-B42A-79A228E02297}.AppStore|x64.ActiveCfg = Release|x64
		{80FF0FA9-B19E-4DFD-B42A-79A228E02297}.AppStore|x64.Build.0 = Release|x64
		{80FF0FA9-B19E-4DFD-B42A-79A228E02297}.AppStore|x64.Deploy.0 = Release|x64
		{80FF0FA9-B19E-4DFD-B42A-79A228E02297}.AppStore|x86.ActiveCfg = Release|x86
		{80FF0FA9-B19E-4DFD-B42A-79A228E02297}.AppStore|x86.Build.0 = Release|x86
		{80FF0FA9-B19E-4DFD-B42A-79A228E02297}.AppStore|x86.Deploy.0 = Release|x86
		{80FF0FA9-B19E-4DFD-B42A-79A228E02297}.Debug|Any CPU.ActiveCfg = Debug|x86
		{80FF0FA9-B19E-4DFD-B42A-79A228E02297}.Debug|ARM.ActiveCfg = Debug|ARM
		{80FF0FA9-B19E-4DFD-B42A-79A228E02297}.Debug|ARM.Build.0 = Debug|ARM
		{80FF0FA9-B19E-4DFD-B42A-79A228E02297}.Debug|ARM.Deploy.0 = Debug|ARM
		{80FF0FA9-B19E-4DFD-B42A-79A228E02297}.Debug|iPhone.ActiveCfg = Debug|x86
		{80FF0FA9-B19E-4DFD-B42A-79A228E02297}.Debug|iPhoneSimulator.ActiveCfg = Debug|x86
		{80FF0FA9-B19E-4DFD-B42A-79A228E02297}.Debug|x64.ActiveCfg = Debug|x64
		{80FF0FA9-B19E-4DFD-B42A-79A228E02297}.Debug|x64.Build.0 = Debug|x64
		{80FF0FA9-B19E-4DFD-B42A-79A228E02297}.Debug|x64.Deploy.0 = Debug|x64
		{80FF0FA9-B19E-4DFD-B42A-79A228E02297}.Debug|x86.ActiveCfg = Debug|x86
		{80FF0FA9-B19E-4DFD-B42A-79A228E02297}.Debug|x86.Build.0 = Debug|x86
		{80FF0FA9-B19E-4DFD-B42A-79A228E02297}.Debug|x86.Deploy.0 = Debug|x86
		{80FF0FA9-B19E-4DFD-B42A-79A228E02297}.Release|Any CPU.ActiveCfg = Release|x86
		{80FF0FA9-B19E-4DFD-B42A-79A228E02297}.Release|ARM.ActiveCfg = Release|ARM
		{80FF0FA9-B19E-4DFD-B42A-79A228E02297}.Release|ARM.Build.0 = Release|ARM
		{80FF0FA9-B19E-4DFD-B42A-79A228E02297}.Release|ARM.Deploy.0 = Release|ARM
		{80FF0FA9-B19E-4DFD-B42A-79A228E02297}.Release|iPhone.ActiveCfg = Release|x86
		{80FF0FA9-B19E-4DFD-B42A-79A228E02297}.Release|iPhoneSimulator.ActiveCfg = Release|x86
		{80FF0FA9-B19E-4DFD-B42A-79A228E02297}.Release|x64.ActiveCfg = Release|x64
		{80FF0FA9-B19E-4DFD-B42A-79A228E02297}.Release|x64.Build.0 = Release|x64
		{80FF0FA9-B19E-4DFD-B42A-79A228E02297}.Release|x64.Deploy.0 = Release|x64
		{80FF0FA9-B19E-4DFD-B42A-79A228E02297}.Release|x86.ActiveCfg = Release|x86
		{80FF0FA9-B19E-4DFD-B42A-79A228E02297}.Release|x86.Build.0 = Release|x86
		{80FF0FA9-B19E-4DFD-B42A-79A228E02297}.Release|x86.Deploy.0 = Release|x86
		{570D0F32-C1DE-4683-8D1D-C08A222EF96B}.Ad-Hoc|Any CPU.ActiveCfg = Release|Any CPU
		{570D0F32-C1DE-4683-8D1D-C08A222EF96B}.Ad-Hoc|Any CPU.Build.0 = Release|Any CPU
		{570D0F32-C1DE-4683-8D1D-C08A222EF96B}.Ad-Hoc|ARM.ActiveCfg = Release|Any CPU
		{570D0F32-C1DE-4683-8D1D-C08A222EF96B}.Ad-Hoc|ARM.Build.0 = Release|Any CPU
		{570D0F32-C1DE-4683-8D1D-C08A222EF96B}.Ad-Hoc|iPhone.ActiveCfg = Release|Any CPU
		{570D0F32-C1DE-4683-8D1D-C08A222EF96B}.Ad-Hoc|iPhone.Build.0 = Release|Any CPU
		{570D0F32-C1DE-4683-8D1D-C08A222EF96B}.Ad-Hoc|iPhoneSimulator.ActiveCfg = Release|Any CPU
		{570D0F32-C1DE-4683-8D1D-C08A222EF96B}.Ad-Hoc|iPhoneSimulator.Build.0 = Release|Any CPU
		{570D0F32-C1DE-4683-8D1D-C08A222EF96B}.Ad-Hoc|x64.ActiveCfg = Release|Any CPU
		{570D0F32-C1DE-4683-8D1D-C08A222EF96B}.Ad-Hoc|x64.Build.0 = Release|Any CPU
		{570D0F32-C1DE-4683-8D1D-C08A222EF96B}.Ad-Hoc|x86.ActiveCfg = Release|Any CPU
		{570D0F32-C1DE-4683-8D1D-C08A222EF96B}.Ad-Hoc|x86.Build.0 = Release|Any CPU
		{570D0F32-C1DE-4683-8D1D-C08A222EF96B}.AppStore|Any CPU.ActiveCfg = Release|Any CPU
		{570D0F32-C1DE-4683-8D1D-C08A222EF96B}.AppStore|Any CPU.Build.0 = Release|Any CPU
		{570D0F32-C1DE-4683-8D1D-C08A222EF96B}.AppStore|ARM.ActiveCfg = Release|Any CPU
		{570D0F32-C1DE-4683-8D1D-C08A222EF96B}.AppStore|ARM.Build.0 = Release|Any CPU
		{570D0F32-C1DE-4683-8D1D-C08A222EF96B}.AppStore|iPhone.ActiveCfg = Release|Any CPU
		{570D0F32-C1DE-4683-8D1D-C08A222EF96B}.AppStore|iPhone.Build.0 = Release|Any CPU
		{570D0F32-C1DE-4683-8D1D-C08A222EF96B}.AppStore|iPhoneSimulator.ActiveCfg = Release|Any CPU
		{570D0F32-C1DE-4683-8D1D-C08A222EF96B}.AppStore|iPhoneSimulator.Build.0 = Release|Any CPU
		{570D0F32-C1DE-4683-8D1D-C08A222EF96B}.AppStore|x64.ActiveCfg = Release|Any CPU
		{570D0F32-C1DE-4683-8D1D-C08A222EF96B}.AppStore|x64.Build.0 = Release|Any CPU
		{570D0F32-C1DE-4683-8D1D-C08A222EF96B}.AppStore|x86.ActiveCfg = Release|Any CPU
		{570D0F32-C1DE-4683-8D1D-C08A222EF96B}.AppStore|x86.Build.0 = Release|Any CPU
		{570D0F32-C1DE-4683-8D1D-C08A222EF96B}.Debug|Any CPU.ActiveCfg = Debug|Any CPU
		{570D0F32-C1DE-4683-8D1D-C08A222EF96B}.Debug|Any CPU.Build.0 = Debug|Any CPU
		{570D0F32-C1DE-4683-8D1D-C08A222EF96B}.Debug|ARM.ActiveCfg = Debug|Any CPU
		{570D0F32-C1DE-4683-8D1D-C08A222EF96B}.Debug|ARM.Build.0 = Debug|Any CPU
		{570D0F32-C1DE-4683-8D1D-C08A222EF96B}.Debug|iPhone.ActiveCfg = Debug|Any CPU
		{570D0F32-C1DE-4683-8D1D-C08A222EF96B}.Debug|iPhone.Build.0 = Debug|Any CPU
		{570D0F32-C1DE-4683-8D1D-C08A222EF96B}.Debug|iPhoneSimulator.ActiveCfg = Debug|Any CPU
		{570D0F32-C1DE-4683-8D1D-C08A222EF96B}.Debug|iPhoneSimulator.Build.0 = Debug|Any CPU
		{570D0F32-C1DE-4683-8D1D-C08A222EF96B}.Debug|x64.ActiveCfg = Debug|Any CPU
		{570D0F32-C1DE-4683-8D1D-C08A222EF96B}.Debug|x64.Build.0 = Debug|Any CPU
		{570D0F32-C1DE-4683-8D1D-C08A222EF96B}.Debug|x86.ActiveCfg = Debug|Any CPU
		{570D0F32-C1DE-4683-8D1D-C08A222EF96B}.Debug|x86.Build.0 = Debug|Any CPU
		{570D0F32-C1DE-4683-8D1D-C08A222EF96B}.Release|Any CPU.ActiveCfg = Release|Any CPU
		{570D0F32-C1DE-4683-8D1D-C08A222EF96B}.Release|Any CPU.Build.0 = Release|Any CPU
		{570D0F32-C1DE-4683-8D1D-C08A222EF96B}.Release|ARM.ActiveCfg = Release|Any CPU
		{570D0F32-C1DE-4683-8D1D-C08A222EF96B}.Release|ARM.Build.0 = Release|Any CPU
		{570D0F32-C1DE-4683-8D1D-C08A222EF96B}.Release|iPhone.ActiveCfg = Release|Any CPU
		{570D0F32-C1DE-4683-8D1D-C08A222EF96B}.Release|iPhone.Build.0 = Release|Any CPU
		{570D0F32-C1DE-4683-8D1D-C08A222EF96B}.Release|iPhoneSimulator.ActiveCfg = Release|Any CPU
		{570D0F32-C1DE-4683-8D1D-C08A222EF96B}.Release|iPhoneSimulator.Build.0 = Release|Any CPU
		{570D0F32-C1DE-4683-8D1D-C08A222EF96B}.Release|x64.ActiveCfg = Release|Any CPU
		{570D0F32-C1DE-4683-8D1D-C08A222EF96B}.Release|x64.Build.0 = Release|Any CPU
		{570D0F32-C1DE-4683-8D1D-C08A222EF96B}.Release|x86.ActiveCfg = Release|Any CPU
		{570D0F32-C1DE-4683-8D1D-C08A222EF96B}.Release|x86.Build.0 = Release|Any CPU
		{44D9F72E-42B2-4842-A786-0C4729452C31}.Ad-Hoc|Any CPU.ActiveCfg = Release|Any CPU
		{44D9F72E-42B2-4842-A786-0C4729452C31}.Ad-Hoc|Any CPU.Build.0 = Release|Any CPU
		{44D9F72E-42B2-4842-A786-0C4729452C31}.Ad-Hoc|ARM.ActiveCfg = Release|Any CPU
		{44D9F72E-42B2-4842-A786-0C4729452C31}.Ad-Hoc|ARM.Build.0 = Release|Any CPU
		{44D9F72E-42B2-4842-A786-0C4729452C31}.Ad-Hoc|iPhone.ActiveCfg = Release|Any CPU
		{44D9F72E-42B2-4842-A786-0C4729452C31}.Ad-Hoc|iPhone.Build.0 = Release|Any CPU
		{44D9F72E-42B2-4842-A786-0C4729452C31}.Ad-Hoc|iPhoneSimulator.ActiveCfg = Release|Any CPU
		{44D9F72E-42B2-4842-A786-0C4729452C31}.Ad-Hoc|iPhoneSimulator.Build.0 = Release|Any CPU
		{44D9F72E-42B2-4842-A786-0C4729452C31}.Ad-Hoc|x64.ActiveCfg = Release|Any CPU
		{44D9F72E-42B2-4842-A786-0C4729452C31}.Ad-Hoc|x64.Build.0 = Release|Any CPU
		{44D9F72E-42B2-4842-A786-0C4729452C31}.Ad-Hoc|x86.ActiveCfg = Release|Any CPU
		{44D9F72E-42B2-4842-A786-0C4729452C31}.Ad-Hoc|x86.Build.0 = Release|Any CPU
		{44D9F72E-42B2-4842-A786-0C4729452C31}.AppStore|Any CPU.ActiveCfg = Release|Any CPU
		{44D9F72E-42B2-4842-A786-0C4729452C31}.AppStore|Any CPU.Build.0 = Release|Any CPU
		{44D9F72E-42B2-4842-A786-0C4729452C31}.AppStore|ARM.ActiveCfg = Release|Any CPU
		{44D9F72E-42B2-4842-A786-0C4729452C31}.AppStore|ARM.Build.0 = Release|Any CPU
		{44D9F72E-42B2-4842-A786-0C4729452C31}.AppStore|iPhone.ActiveCfg = Release|Any CPU
		{44D9F72E-42B2-4842-A786-0C4729452C31}.AppStore|iPhone.Build.0 = Release|Any CPU
		{44D9F72E-42B2-4842-A786-0C4729452C31}.AppStore|iPhoneSimulator.ActiveCfg = Release|Any CPU
		{44D9F72E-42B2-4842-A786-0C4729452C31}.AppStore|iPhoneSimulator.Build.0 = Release|Any CPU
		{44D9F72E-42B2-4842-A786-0C4729452C31}.AppStore|x64.ActiveCfg = Release|Any CPU
		{44D9F72E-42B2-4842-A786-0C4729452C31}.AppStore|x64.Build.0 = Release|Any CPU
		{44D9F72E-42B2-4842-A786-0C4729452C31}.AppStore|x86.ActiveCfg = Release|Any CPU
		{44D9F72E-42B2-4842-A786-0C4729452C31}.AppStore|x86.Build.0 = Release|Any CPU
		{44D9F72E-42B2-4842-A786-0C4729452C31}.Debug|Any CPU.ActiveCfg = Debug|Any CPU
		{44D9F72E-42B2-4842-A786-0C4729452C31}.Debug|Any CPU.Build.0 = Debug|Any CPU
		{44D9F72E-42B2-4842-A786-0C4729452C31}.Debug|ARM.ActiveCfg = Debug|Any CPU
		{44D9F72E-42B2-4842-A786-0C4729452C31}.Debug|ARM.Build.0 = Debug|Any CPU
		{44D9F72E-42B2-4842-A786-0C4729452C31}.Debug|iPhone.ActiveCfg = Debug|Any CPU
		{44D9F72E-42B2-4842-A786-0C4729452C31}.Debug|iPhone.Build.0 = Debug|Any CPU
		{44D9F72E-42B2-4842-A786-0C4729452C31}.Debug|iPhoneSimulator.ActiveCfg = Debug|Any CPU
		{44D9F72E-42B2-4842-A786-0C4729452C31}.Debug|iPhoneSimulator.Build.0 = Debug|Any CPU
		{44D9F72E-42B2-4842-A786-0C4729452C31}.Debug|x64.ActiveCfg = Debug|Any CPU
		{44D9F72E-42B2-4842-A786-0C4729452C31}.Debug|x64.Build.0 = Debug|Any CPU
		{44D9F72E-42B2-4842-A786-0C4729452C31}.Debug|x86.ActiveCfg = Debug|Any CPU
		{44D9F72E-42B2-4842-A786-0C4729452C31}.Debug|x86.Build.0 = Debug|Any CPU
		{44D9F72E-42B2-4842-A786-0C4729452C31}.Release|Any CPU.ActiveCfg = Release|Any CPU
		{44D9F72E-42B2-4842-A786-0C4729452C31}.Release|Any CPU.Build.0 = Release|Any CPU
		{44D9F72E-42B2-4842-A786-0C4729452C31}.Release|ARM.ActiveCfg = Release|Any CPU
		{44D9F72E-42B2-4842-A786-0C4729452C31}.Release|ARM.Build.0 = Release|Any CPU
		{44D9F72E-42B2-4842-A786-0C4729452C31}.Release|iPhone.ActiveCfg = Release|Any CPU
		{44D9F72E-42B2-4842-A786-0C4729452C31}.Release|iPhone.Build.0 = Release|Any CPU
		{44D9F72E-42B2-4842-A786-0C4729452C31}.Release|iPhoneSimulator.ActiveCfg = Release|Any CPU
		{44D9F72E-42B2-4842-A786-0C4729452C31}.Release|iPhoneSimulator.Build.0 = Release|Any CPU
		{44D9F72E-42B2-4842-A786-0C4729452C31}.Release|x64.ActiveCfg = Release|Any CPU
		{44D9F72E-42B2-4842-A786-0C4729452C31}.Release|x64.Build.0 = Release|Any CPU
		{44D9F72E-42B2-4842-A786-0C4729452C31}.Release|x86.ActiveCfg = Release|Any CPU
		{44D9F72E-42B2-4842-A786-0C4729452C31}.Release|x86.Build.0 = Release|Any CPU
		{8965B75A-5148-4BAE-A45F-F2A05C0A7084}.Ad-Hoc|Any CPU.ActiveCfg = Release|Any CPU
		{8965B75A-5148-4BAE-A45F-F2A05C0A7084}.Ad-Hoc|Any CPU.Build.0 = Release|Any CPU
		{8965B75A-5148-4BAE-A45F-F2A05C0A7084}.Ad-Hoc|ARM.ActiveCfg = Release|Any CPU
		{8965B75A-5148-4BAE-A45F-F2A05C0A7084}.Ad-Hoc|ARM.Build.0 = Release|Any CPU
		{8965B75A-5148-4BAE-A45F-F2A05C0A7084}.Ad-Hoc|iPhone.ActiveCfg = Release|Any CPU
		{8965B75A-5148-4BAE-A45F-F2A05C0A7084}.Ad-Hoc|iPhone.Build.0 = Release|Any CPU
		{8965B75A-5148-4BAE-A45F-F2A05C0A7084}.Ad-Hoc|iPhoneSimulator.ActiveCfg = Release|Any CPU
		{8965B75A-5148-4BAE-A45F-F2A05C0A7084}.Ad-Hoc|iPhoneSimulator.Build.0 = Release|Any CPU
		{8965B75A-5148-4BAE-A45F-F2A05C0A7084}.Ad-Hoc|x64.ActiveCfg = Release|Any CPU
		{8965B75A-5148-4BAE-A45F-F2A05C0A7084}.Ad-Hoc|x64.Build.0 = Release|Any CPU
		{8965B75A-5148-4BAE-A45F-F2A05C0A7084}.Ad-Hoc|x86.ActiveCfg = Release|Any CPU
		{8965B75A-5148-4BAE-A45F-F2A05C0A7084}.Ad-Hoc|x86.Build.0 = Release|Any CPU
		{8965B75A-5148-4BAE-A45F-F2A05C0A7084}.AppStore|Any CPU.ActiveCfg = Release|Any CPU
		{8965B75A-5148-4BAE-A45F-F2A05C0A7084}.AppStore|Any CPU.Build.0 = Release|Any CPU
		{8965B75A-5148-4BAE-A45F-F2A05C0A7084}.AppStore|ARM.ActiveCfg = Release|Any CPU
		{8965B75A-5148-4BAE-A45F-F2A05C0A7084}.AppStore|ARM.Build.0 = Release|Any CPU
		{8965B75A-5148-4BAE-A45F-F2A05C0A7084}.AppStore|iPhone.ActiveCfg = Release|Any CPU
		{8965B75A-5148-4BAE-A45F-F2A05C0A7084}.AppStore|iPhone.Build.0 = Release|Any CPU
		{8965B75A-5148-4BAE-A45F-F2A05C0A7084}.AppStore|iPhoneSimulator.ActiveCfg = Release|Any CPU
		{8965B75A-5148-4BAE-A45F-F2A05C0A7084}.AppStore|iPhoneSimulator.Build.0 = Release|Any CPU
		{8965B75A-5148-4BAE-A45F-F2A05C0A7084}.AppStore|x64.ActiveCfg = Release|Any CPU
		{8965B75A-5148-4BAE-A45F-F2A05C0A7084}.AppStore|x64.Build.0 = Release|Any CPU
		{8965B75A-5148-4BAE-A45F-F2A05C0A7084}.AppStore|x86.ActiveCfg = Release|Any CPU
		{8965B75A-5148-4BAE-A45F-F2A05C0A7084}.AppStore|x86.Build.0 = Release|Any CPU
		{8965B75A-5148-4BAE-A45F-F2A05C0A7084}.Debug|Any CPU.ActiveCfg = Debug|Any CPU
		{8965B75A-5148-4BAE-A45F-F2A05C0A7084}.Debug|Any CPU.Build.0 = Debug|Any CPU
		{8965B75A-5148-4BAE-A45F-F2A05C0A7084}.Debug|Any CPU.Deploy.0 = Debug|Any CPU
		{8965B75A-5148-4BAE-A45F-F2A05C0A7084}.Debug|ARM.ActiveCfg = Debug|Any CPU
		{8965B75A-5148-4BAE-A45F-F2A05C0A7084}.Debug|ARM.Build.0 = Debug|Any CPU
		{8965B75A-5148-4BAE-A45F-F2A05C0A7084}.Debug|iPhone.ActiveCfg = Debug|Any CPU
		{8965B75A-5148-4BAE-A45F-F2A05C0A7084}.Debug|iPhone.Build.0 = Debug|Any CPU
		{8965B75A-5148-4BAE-A45F-F2A05C0A7084}.Debug|iPhoneSimulator.ActiveCfg = Debug|Any CPU
		{8965B75A-5148-4BAE-A45F-F2A05C0A7084}.Debug|iPhoneSimulator.Build.0 = Debug|Any CPU
		{8965B75A-5148-4BAE-A45F-F2A05C0A7084}.Debug|x64.ActiveCfg = Debug|Any CPU
		{8965B75A-5148-4BAE-A45F-F2A05C0A7084}.Debug|x64.Build.0 = Debug|Any CPU
		{8965B75A-5148-4BAE-A45F-F2A05C0A7084}.Debug|x86.ActiveCfg = Debug|Any CPU
		{8965B75A-5148-4BAE-A45F-F2A05C0A7084}.Debug|x86.Build.0 = Debug|Any CPU
		{8965B75A-5148-4BAE-A45F-F2A05C0A7084}.Release|Any CPU.ActiveCfg = Release|Any CPU
		{8965B75A-5148-4BAE-A45F-F2A05C0A7084}.Release|Any CPU.Build.0 = Release|Any CPU
		{8965B75A-5148-4BAE-A45F-F2A05C0A7084}.Release|Any CPU.Deploy.0 = Release|Any CPU
		{8965B75A-5148-4BAE-A45F-F2A05C0A7084}.Release|ARM.ActiveCfg = Release|Any CPU
		{8965B75A-5148-4BAE-A45F-F2A05C0A7084}.Release|ARM.Build.0 = Release|Any CPU
		{8965B75A-5148-4BAE-A45F-F2A05C0A7084}.Release|iPhone.ActiveCfg = Release|Any CPU
		{8965B75A-5148-4BAE-A45F-F2A05C0A7084}.Release|iPhone.Build.0 = Release|Any CPU
		{8965B75A-5148-4BAE-A45F-F2A05C0A7084}.Release|iPhoneSimulator.ActiveCfg = Release|Any CPU
		{8965B75A-5148-4BAE-A45F-F2A05C0A7084}.Release|iPhoneSimulator.Build.0 = Release|Any CPU
		{8965B75A-5148-4BAE-A45F-F2A05C0A7084}.Release|x64.ActiveCfg = Release|Any CPU
		{8965B75A-5148-4BAE-A45F-F2A05C0A7084}.Release|x64.Build.0 = Release|Any CPU
		{8965B75A-5148-4BAE-A45F-F2A05C0A7084}.Release|x86.ActiveCfg = Release|Any CPU
		{8965B75A-5148-4BAE-A45F-F2A05C0A7084}.Release|x86.Build.0 = Release|Any CPU
		{20478F97-919B-47DC-9BCD-F10593D301CB}.Ad-Hoc|Any CPU.ActiveCfg = Release|Any CPU
		{20478F97-919B-47DC-9BCD-F10593D301CB}.Ad-Hoc|Any CPU.Build.0 = Release|Any CPU
		{20478F97-919B-47DC-9BCD-F10593D301CB}.Ad-Hoc|ARM.ActiveCfg = Release|Any CPU
		{20478F97-919B-47DC-9BCD-F10593D301CB}.Ad-Hoc|ARM.Build.0 = Release|Any CPU
		{20478F97-919B-47DC-9BCD-F10593D301CB}.Ad-Hoc|iPhone.ActiveCfg = Release|Any CPU
		{20478F97-919B-47DC-9BCD-F10593D301CB}.Ad-Hoc|iPhone.Build.0 = Release|Any CPU
		{20478F97-919B-47DC-9BCD-F10593D301CB}.Ad-Hoc|iPhoneSimulator.ActiveCfg = Release|Any CPU
		{20478F97-919B-47DC-9BCD-F10593D301CB}.Ad-Hoc|iPhoneSimulator.Build.0 = Release|Any CPU
		{20478F97-919B-47DC-9BCD-F10593D301CB}.Ad-Hoc|x64.ActiveCfg = Release|Any CPU
		{20478F97-919B-47DC-9BCD-F10593D301CB}.Ad-Hoc|x64.Build.0 = Release|Any CPU
		{20478F97-919B-47DC-9BCD-F10593D301CB}.Ad-Hoc|x86.ActiveCfg = Release|Any CPU
		{20478F97-919B-47DC-9BCD-F10593D301CB}.Ad-Hoc|x86.Build.0 = Release|Any CPU
		{20478F97-919B-47DC-9BCD-F10593D301CB}.AppStore|Any CPU.ActiveCfg = Release|Any CPU
		{20478F97-919B-47DC-9BCD-F10593D301CB}.AppStore|Any CPU.Build.0 = Release|Any CPU
		{20478F97-919B-47DC-9BCD-F10593D301CB}.AppStore|ARM.ActiveCfg = Release|Any CPU
		{20478F97-919B-47DC-9BCD-F10593D301CB}.AppStore|ARM.Build.0 = Release|Any CPU
		{20478F97-919B-47DC-9BCD-F10593D301CB}.AppStore|iPhone.ActiveCfg = Release|Any CPU
		{20478F97-919B-47DC-9BCD-F10593D301CB}.AppStore|iPhone.Build.0 = Release|Any CPU
		{20478F97-919B-47DC-9BCD-F10593D301CB}.AppStore|iPhoneSimulator.ActiveCfg = Release|Any CPU
		{20478F97-919B-47DC-9BCD-F10593D301CB}.AppStore|iPhoneSimulator.Build.0 = Release|Any CPU
		{20478F97-919B-47DC-9BCD-F10593D301CB}.AppStore|x64.ActiveCfg = Release|Any CPU
		{20478F97-919B-47DC-9BCD-F10593D301CB}.AppStore|x64.Build.0 = Release|Any CPU
		{20478F97-919B-47DC-9BCD-F10593D301CB}.AppStore|x86.ActiveCfg = Release|Any CPU
		{20478F97-919B-47DC-9BCD-F10593D301CB}.AppStore|x86.Build.0 = Release|Any CPU
		{20478F97-919B-47DC-9BCD-F10593D301CB}.Debug|Any CPU.ActiveCfg = Debug|Any CPU
		{20478F97-919B-47DC-9BCD-F10593D301CB}.Debug|Any CPU.Build.0 = Debug|Any CPU
		{20478F97-919B-47DC-9BCD-F10593D301CB}.Debug|ARM.ActiveCfg = Debug|Any CPU
		{20478F97-919B-47DC-9BCD-F10593D301CB}.Debug|ARM.Build.0 = Debug|Any CPU
		{20478F97-919B-47DC-9BCD-F10593D301CB}.Debug|iPhone.ActiveCfg = Debug|Any CPU
		{20478F97-919B-47DC-9BCD-F10593D301CB}.Debug|iPhone.Build.0 = Debug|Any CPU
		{20478F97-919B-47DC-9BCD-F10593D301CB}.Debug|iPhoneSimulator.ActiveCfg = Debug|Any CPU
		{20478F97-919B-47DC-9BCD-F10593D301CB}.Debug|iPhoneSimulator.Build.0 = Debug|Any CPU
		{20478F97-919B-47DC-9BCD-F10593D301CB}.Debug|x64.ActiveCfg = Debug|Any CPU
		{20478F97-919B-47DC-9BCD-F10593D301CB}.Debug|x64.Build.0 = Debug|Any CPU
		{20478F97-919B-47DC-9BCD-F10593D301CB}.Debug|x86.ActiveCfg = Debug|Any CPU
		{20478F97-919B-47DC-9BCD-F10593D301CB}.Debug|x86.Build.0 = Debug|Any CPU
		{20478F97-919B-47DC-9BCD-F10593D301CB}.Release|Any CPU.ActiveCfg = Release|Any CPU
		{20478F97-919B-47DC-9BCD-F10593D301CB}.Release|Any CPU.Build.0 = Release|Any CPU
		{20478F97-919B-47DC-9BCD-F10593D301CB}.Release|ARM.ActiveCfg = Release|Any CPU
		{20478F97-919B-47DC-9BCD-F10593D301CB}.Release|ARM.Build.0 = Release|Any CPU
		{20478F97-919B-47DC-9BCD-F10593D301CB}.Release|iPhone.ActiveCfg = Release|Any CPU
		{20478F97-919B-47DC-9BCD-F10593D301CB}.Release|iPhone.Build.0 = Release|Any CPU
		{20478F97-919B-47DC-9BCD-F10593D301CB}.Release|iPhoneSimulator.ActiveCfg = Release|Any CPU
		{20478F97-919B-47DC-9BCD-F10593D301CB}.Release|iPhoneSimulator.Build.0 = Release|Any CPU
		{20478F97-919B-47DC-9BCD-F10593D301CB}.Release|x64.ActiveCfg = Release|Any CPU
		{20478F97-919B-47DC-9BCD-F10593D301CB}.Release|x64.Build.0 = Release|Any CPU
		{20478F97-919B-47DC-9BCD-F10593D301CB}.Release|x86.ActiveCfg = Release|Any CPU
		{20478F97-919B-47DC-9BCD-F10593D301CB}.Release|x86.Build.0 = Release|Any CPU
		{A78A815E-EB24-450C-9063-2E4CF3F18B68}.Ad-Hoc|Any CPU.ActiveCfg = Release|x64
		{A78A815E-EB24-450C-9063-2E4CF3F18B68}.Ad-Hoc|Any CPU.Build.0 = Release|x64
		{A78A815E-EB24-450C-9063-2E4CF3F18B68}.Ad-Hoc|Any CPU.Deploy.0 = Release|x64
		{A78A815E-EB24-450C-9063-2E4CF3F18B68}.Ad-Hoc|ARM.ActiveCfg = Release|ARM
		{A78A815E-EB24-450C-9063-2E4CF3F18B68}.Ad-Hoc|ARM.Build.0 = Release|ARM
		{A78A815E-EB24-450C-9063-2E4CF3F18B68}.Ad-Hoc|ARM.Deploy.0 = Release|ARM
		{A78A815E-EB24-450C-9063-2E4CF3F18B68}.Ad-Hoc|ARM64.ActiveCfg = Release|ARM64
		{A78A815E-EB24-450C-9063-2E4CF3F18B68}.Ad-Hoc|ARM64.Build.0 = Release|ARM64
		{A78A815E-EB24-450C-9063-2E4CF3F18B68}.Ad-Hoc|ARM64.Deploy.0 = Release|ARM64
		{A78A815E-EB24-450C-9063-2E4CF3F18B68}.Ad-Hoc|iPhone.ActiveCfg = Release|x64
		{A78A815E-EB24-450C-9063-2E4CF3F18B68}.Ad-Hoc|iPhone.Build.0 = Release|x64
		{A78A815E-EB24-450C-9063-2E4CF3F18B68}.Ad-Hoc|iPhone.Deploy.0 = Release|x64
		{A78A815E-EB24-450C-9063-2E4CF3F18B68}.Ad-Hoc|iPhoneSimulator.ActiveCfg = Release|x64
		{A78A815E-EB24-450C-9063-2E4CF3F18B68}.Ad-Hoc|iPhoneSimulator.Build.0 = Release|x64
		{A78A815E-EB24-450C-9063-2E4CF3F18B68}.Ad-Hoc|iPhoneSimulator.Deploy.0 = Release|x64
		{A78A815E-EB24-450C-9063-2E4CF3F18B68}.Ad-Hoc|x64.ActiveCfg = Release|x64
		{A78A815E-EB24-450C-9063-2E4CF3F18B68}.Ad-Hoc|x64.Build.0 = Release|x64
		{A78A815E-EB24-450C-9063-2E4CF3F18B68}.Ad-Hoc|x64.Deploy.0 = Release|x64
		{A78A815E-EB24-450C-9063-2E4CF3F18B68}.Ad-Hoc|x86.ActiveCfg = Release|x86
		{A78A815E-EB24-450C-9063-2E4CF3F18B68}.Ad-Hoc|x86.Build.0 = Release|x86
		{A78A815E-EB24-450C-9063-2E4CF3F18B68}.Ad-Hoc|x86.Deploy.0 = Release|x86
		{A78A815E-EB24-450C-9063-2E4CF3F18B68}.AppStore|Any CPU.ActiveCfg = Release|x64
		{A78A815E-EB24-450C-9063-2E4CF3F18B68}.AppStore|Any CPU.Build.0 = Release|x64
		{A78A815E-EB24-450C-9063-2E4CF3F18B68}.AppStore|Any CPU.Deploy.0 = Release|x64
		{A78A815E-EB24-450C-9063-2E4CF3F18B68}.AppStore|ARM.ActiveCfg = Release|ARM
		{A78A815E-EB24-450C-9063-2E4CF3F18B68}.AppStore|ARM.Build.0 = Release|ARM
		{A78A815E-EB24-450C-9063-2E4CF3F18B68}.AppStore|ARM.Deploy.0 = Release|ARM
		{A78A815E-EB24-450C-9063-2E4CF3F18B68}.AppStore|ARM64.ActiveCfg = Release|ARM64
		{A78A815E-EB24-450C-9063-2E4CF3F18B68}.AppStore|ARM64.Build.0 = Release|ARM64
		{A78A815E-EB24-450C-9063-2E4CF3F18B68}.AppStore|ARM64.Deploy.0 = Release|ARM64
		{A78A815E-EB24-450C-9063-2E4CF3F18B68}.AppStore|iPhone.ActiveCfg = Release|x64
		{A78A815E-EB24-450C-9063-2E4CF3F18B68}.AppStore|iPhone.Build.0 = Release|x64
		{A78A815E-EB24-450C-9063-2E4CF3F18B68}.AppStore|iPhone.Deploy.0 = Release|x64
		{A78A815E-EB24-450C-9063-2E4CF3F18B68}.AppStore|iPhoneSimulator.ActiveCfg = Release|x64
		{A78A815E-EB24-450C-9063-2E4CF3F18B68}.AppStore|iPhoneSimulator.Build.0 = Release|x64
		{A78A815E-EB24-450C-9063-2E4CF3F18B68}.AppStore|iPhoneSimulator.Deploy.0 = Release|x64
		{A78A815E-EB24-450C-9063-2E4CF3F18B68}.AppStore|x64.ActiveCfg = Release|x64
		{A78A815E-EB24-450C-9063-2E4CF3F18B68}.AppStore|x64.Build.0 = Release|x64
		{A78A815E-EB24-450C-9063-2E4CF3F18B68}.AppStore|x64.Deploy.0 = Release|x64
		{A78A815E-EB24-450C-9063-2E4CF3F18B68}.AppStore|x86.ActiveCfg = Release|x86
		{A78A815E-EB24-450C-9063-2E4CF3F18B68}.AppStore|x86.Build.0 = Release|x86
		{A78A815E-EB24-450C-9063-2E4CF3F18B68}.AppStore|x86.Deploy.0 = Release|x86
		{A78A815E-EB24-450C-9063-2E4CF3F18B68}.Debug|Any CPU.ActiveCfg = Debug|x86
		{A78A815E-EB24-450C-9063-2E4CF3F18B68}.Debug|ARM.ActiveCfg = Debug|ARM
		{A78A815E-EB24-450C-9063-2E4CF3F18B68}.Debug|ARM.Build.0 = Debug|ARM
		{A78A815E-EB24-450C-9063-2E4CF3F18B68}.Debug|ARM.Deploy.0 = Debug|ARM
		{A78A815E-EB24-450C-9063-2E4CF3F18B68}.Debug|ARM64.ActiveCfg = Debug|ARM64
		{A78A815E-EB24-450C-9063-2E4CF3F18B68}.Debug|ARM64.Build.0 = Debug|ARM64
		{A78A815E-EB24-450C-9063-2E4CF3F18B68}.Debug|ARM64.Deploy.0 = Debug|ARM64
		{A78A815E-EB24-450C-9063-2E4CF3F18B68}.Debug|iPhone.ActiveCfg = Debug|x86
		{A78A815E-EB24-450C-9063-2E4CF3F18B68}.Debug|iPhoneSimulator.ActiveCfg = Debug|x86
		{A78A815E-EB24-450C-9063-2E4CF3F18B68}.Debug|x64.ActiveCfg = Debug|x64
		{A78A815E-EB24-450C-9063-2E4CF3F18B68}.Debug|x64.Build.0 = Debug|x64
		{A78A815E-EB24-450C-9063-2E4CF3F18B68}.Debug|x64.Deploy.0 = Debug|x64
		{A78A815E-EB24-450C-9063-2E4CF3F18B68}.Debug|x86.ActiveCfg = Debug|x86
		{A78A815E-EB24-450C-9063-2E4CF3F18B68}.Debug|x86.Build.0 = Debug|x86
		{A78A815E-EB24-450C-9063-2E4CF3F18B68}.Debug|x86.Deploy.0 = Debug|x86
		{A78A815E-EB24-450C-9063-2E4CF3F18B68}.Release|Any CPU.ActiveCfg = Release|x86
		{A78A815E-EB24-450C-9063-2E4CF3F18B68}.Release|ARM.ActiveCfg = Release|ARM
		{A78A815E-EB24-450C-9063-2E4CF3F18B68}.Release|ARM.Build.0 = Release|ARM
		{A78A815E-EB24-450C-9063-2E4CF3F18B68}.Release|ARM.Deploy.0 = Release|ARM
		{A78A815E-EB24-450C-9063-2E4CF3F18B68}.Release|ARM64.ActiveCfg = Release|ARM64
		{A78A815E-EB24-450C-9063-2E4CF3F18B68}.Release|ARM64.Build.0 = Release|ARM64
		{A78A815E-EB24-450C-9063-2E4CF3F18B68}.Release|ARM64.Deploy.0 = Release|ARM64
		{A78A815E-EB24-450C-9063-2E4CF3F18B68}.Release|iPhone.ActiveCfg = Release|x86
		{A78A815E-EB24-450C-9063-2E4CF3F18B68}.Release|iPhoneSimulator.ActiveCfg = Release|x86
		{A78A815E-EB24-450C-9063-2E4CF3F18B68}.Release|x64.ActiveCfg = Release|x64
		{A78A815E-EB24-450C-9063-2E4CF3F18B68}.Release|x64.Build.0 = Release|x64
		{A78A815E-EB24-450C-9063-2E4CF3F18B68}.Release|x64.Deploy.0 = Release|x64
		{A78A815E-EB24-450C-9063-2E4CF3F18B68}.Release|x86.ActiveCfg = Release|x86
		{A78A815E-EB24-450C-9063-2E4CF3F18B68}.Release|x86.Build.0 = Release|x86
		{A78A815E-EB24-450C-9063-2E4CF3F18B68}.Release|x86.Deploy.0 = Release|x86
	EndGlobalSection
	GlobalSection(SolutionProperties) = preSolution
		HideSolutionNode = FALSE
	EndGlobalSection
	GlobalSection(ExtensibilityGlobals) = postSolution
		SolutionGuid = {F6D05029-56B8-4E45-AF2D-0E76295DDBA2}
	EndGlobalSection
EndGlobal
